
Microsoft Visual Studio Solution File, Format Version 12.00
# Visual Studio Version 17
VisualStudioVersion = 17.6.33723.286
MinimumVisualStudioVersion = 10.0.40219.1
Project("{FAE04EC0-301F-11D3-BF4B-00C04F79EFBC}") = "First_WebApplication1", "First_WebApplication1\First_WebApplication1.csproj", "{21CCEA15-ADA7-4717-AD5F-79E1BE717524}"
EndProject
Global
	GlobalSection(SolutionConfigurationPlatforms) = preSolution
		Debug|Any CPU = Debug|Any CPU
		Release|Any CPU = Release|Any CPU
	EndGlobalSection
	GlobalSection(ProjectConfigurationPlatforms) = postSolution
		{21CCEA15-ADA7-4717-AD5F-79E1BE717524}.Debug|Any CPU.ActiveCfg = Debug|Any CPU
		{21CCEA15-ADA7-4717-AD5F-79E1BE717524}.Debug|Any CPU.Build.0 = Debug|Any CPU
		{21CCEA15-ADA7-4717-AD5F-79E1BE717524}.Release|Any CPU.ActiveCfg = Release|Any CPU
		{21CCEA15-ADA7-4717-AD5F-79E1BE717524}.Release|Any CPU.Build.0 = Release|Any CPU
	EndGlobalSection
	GlobalSection(SolutionProperties) = preSolution
		HideSolutionNode = FALSE
	EndGlobalSection
	GlobalSection(ExtensibilityGlobals) = postSolution
		SolutionGuid = {B39125C5-A613-4ADB-B78B-872E51B90278}
	EndGlobalSection
EndGlobal
